// !$*UTF8*$!
{
	archiveVersion = 1;
	classes = {
	};
	objectVersion = 48;
	objects = {

/* Begin PBXBuildFile section */
		0CD18B54203B6BDB00C6080D /* BTViewController.swift in Sources */ = {isa = PBXBuildFile; fileRef = 0CD18B53203B6BDB00C6080D /* BTViewController.swift */; };
		0CD18B56203B709500C6080D /* CoreBluetooth.framework in Frameworks */ = {isa = PBXBuildFile; fileRef = 0CD18B55203B709500C6080D /* CoreBluetooth.framework */; };
		AC30C389B084A69C3828D96A /* Pods_Fend_App.framework in Frameworks */ = {isa = PBXBuildFile; fileRef = CE44E3DA64EF5C6B38EDBC25 /* Pods_Fend_App.framework */; };
		B370442A20224D8500A5FB2F /* ProfileViewController.swift in Sources */ = {isa = PBXBuildFile; fileRef = B370442920224D8500A5FB2F /* ProfileViewController.swift */; };
		B38EE7AD1FBEC84100834849 /* AppDelegate.swift in Sources */ = {isa = PBXBuildFile; fileRef = B38EE7AC1FBEC84100834849 /* AppDelegate.swift */; };
		B38EE7B61FBEC84100834849 /* Main.storyboard in Resources */ = {isa = PBXBuildFile; fileRef = B38EE7B41FBEC84100834849 /* Main.storyboard */; };
		B38EE7B81FBEC84100834849 /* Assets.xcassets in Resources */ = {isa = PBXBuildFile; fileRef = B38EE7B71FBEC84100834849 /* Assets.xcassets */; };
		B38EE7BB1FBEC84100834849 /* LaunchScreen.storyboard in Resources */ = {isa = PBXBuildFile; fileRef = B38EE7B91FBEC84100834849 /* LaunchScreen.storyboard */; };
		B39F2C5920155D3E00785BBB /* ViewController.swift in Sources */ = {isa = PBXBuildFile; fileRef = B39F2C5820155D3E00785BBB /* ViewController.swift */; };
		B3A62C1F2044AEF200ABE9F7 /* GoogleService-Info.plist in Resources */ = {isa = PBXBuildFile; fileRef = B3A62C1E2044AEF200ABE9F7 /* GoogleService-Info.plist */; };
		B3AA7ACA20473B1400D40E45 /* MyReportsViewController.swift in Sources */ = {isa = PBXBuildFile; fileRef = B3AA7AC920473B1400D40E45 /* MyReportsViewController.swift */; };
		B3B83A692062E40B008B42F8 /* TabBarViewController.swift in Sources */ = {isa = PBXBuildFile; fileRef = B3B83A682062E40B008B42F8 /* TabBarViewController.swift */; };
		F727FF92202042CA0037D60F /* MapViewController.swift in Sources */ = {isa = PBXBuildFile; fileRef = F727FF91202042CA0037D60F /* MapViewController.swift */; };
		F794A665207E92CB00BC71CE /* PurchaseFendViewController.swift in Sources */ = {isa = PBXBuildFile; fileRef = F794A664207E92CB00BC71CE /* PurchaseFendViewController.swift */; };
		F7D24A0F207C2AA800A8A0AA /* AboutFendViewController.swift in Sources */ = {isa = PBXBuildFile; fileRef = F7D24A0E207C2AA800A8A0AA /* AboutFendViewController.swift */; };
		F7D24A11207D383100A8A0AA /* PushNotificationsViewController.swift in Sources */ = {isa = PBXBuildFile; fileRef = F7D24A10207D383100A8A0AA /* PushNotificationsViewController.swift */; };
		F7D24A14207D425900A8A0AA /* Nunito-Regular.ttf in Resources */ = {isa = PBXBuildFile; fileRef = F7D24A12207D41AD00A8A0AA /* Nunito-Regular.ttf */; };
		FEFB5C1220225532005F9418 /* ReportViewController.swift in Sources */ = {isa = PBXBuildFile; fileRef = FEFB5C1120225532005F9418 /* ReportViewController.swift */; };
/* End PBXBuildFile section */

/* Begin PBXFileReference section */
		0CD18B53203B6BDB00C6080D /* BTViewController.swift */ = {isa = PBXFileReference; lastKnownFileType = sourcecode.swift; path = BTViewController.swift; sourceTree = "<group>"; };
		0CD18B55203B709500C6080D /* CoreBluetooth.framework */ = {isa = PBXFileReference; lastKnownFileType = wrapper.framework; name = CoreBluetooth.framework; path = System/Library/Frameworks/CoreBluetooth.framework; sourceTree = SDKROOT; };
		1C881F7856B5F37376648603 /* Pods-Fend App.release.xcconfig */ = {isa = PBXFileReference; includeInIndex = 1; lastKnownFileType = text.xcconfig; name = "Pods-Fend App.release.xcconfig"; path = "Pods/Target Support Files/Pods-Fend App/Pods-Fend App.release.xcconfig"; sourceTree = "<group>"; };
		4DE10D4D5C76BD657934FEB5 /* Pods-Fend App.debug.xcconfig */ = {isa = PBXFileReference; includeInIndex = 1; lastKnownFileType = text.xcconfig; name = "Pods-Fend App.debug.xcconfig"; path = "Pods/Target Support Files/Pods-Fend App/Pods-Fend App.debug.xcconfig"; sourceTree = "<group>"; };
		B370442920224D8500A5FB2F /* ProfileViewController.swift */ = {isa = PBXFileReference; lastKnownFileType = sourcecode.swift; path = ProfileViewController.swift; sourceTree = "<group>"; };
		B38EE7A91FBEC84100834849 /* Fend App.app */ = {isa = PBXFileReference; explicitFileType = wrapper.application; includeInIndex = 0; path = "Fend App.app"; sourceTree = BUILT_PRODUCTS_DIR; };
		B38EE7AC1FBEC84100834849 /* AppDelegate.swift */ = {isa = PBXFileReference; lastKnownFileType = sourcecode.swift; path = AppDelegate.swift; sourceTree = "<group>"; };
		B38EE7B51FBEC84100834849 /* Base */ = {isa = PBXFileReference; lastKnownFileType = file.storyboard; name = Base; path = Base.lproj/Main.storyboard; sourceTree = "<group>"; };
		B38EE7B71FBEC84100834849 /* Assets.xcassets */ = {isa = PBXFileReference; lastKnownFileType = folder.assetcatalog; path = Assets.xcassets; sourceTree = "<group>"; };
		B38EE7BA1FBEC84100834849 /* Base */ = {isa = PBXFileReference; lastKnownFileType = file.storyboard; name = Base; path = Base.lproj/LaunchScreen.storyboard; sourceTree = "<group>"; };
		B38EE7BC1FBEC84100834849 /* Info.plist */ = {isa = PBXFileReference; lastKnownFileType = text.plist.xml; path = Info.plist; sourceTree = "<group>"; };
		B39F2C5820155D3E00785BBB /* ViewController.swift */ = {isa = PBXFileReference; lastKnownFileType = sourcecode.swift; path = ViewController.swift; sourceTree = "<group>"; };
		B3A62C1E2044AEF200ABE9F7 /* GoogleService-Info.plist */ = {isa = PBXFileReference; fileEncoding = 4; lastKnownFileType = text.plist.xml; path = "GoogleService-Info.plist"; sourceTree = SOURCE_ROOT; };
		B3AA7AC920473B1400D40E45 /* MyReportsViewController.swift */ = {isa = PBXFileReference; lastKnownFileType = sourcecode.swift; path = MyReportsViewController.swift; sourceTree = "<group>"; };
		B3B83A682062E40B008B42F8 /* TabBarViewController.swift */ = {isa = PBXFileReference; lastKnownFileType = sourcecode.swift; path = TabBarViewController.swift; sourceTree = "<group>"; };
		CE44E3DA64EF5C6B38EDBC25 /* Pods_Fend_App.framework */ = {isa = PBXFileReference; explicitFileType = wrapper.framework; includeInIndex = 0; path = Pods_Fend_App.framework; sourceTree = BUILT_PRODUCTS_DIR; };
		F727FF91202042CA0037D60F /* MapViewController.swift */ = {isa = PBXFileReference; lastKnownFileType = sourcecode.swift; path = MapViewController.swift; sourceTree = "<group>"; };
		F785DCFC206980F200F12CF0 /* Fend App.entitlements */ = {isa = PBXFileReference; lastKnownFileType = text.plist.entitlements; path = "Fend App.entitlements"; sourceTree = "<group>"; };
		F794A664207E92CB00BC71CE /* PurchaseFendViewController.swift */ = {isa = PBXFileReference; lastKnownFileType = sourcecode.swift; path = PurchaseFendViewController.swift; sourceTree = "<group>"; };
		F7D24A0E207C2AA800A8A0AA /* AboutFendViewController.swift */ = {isa = PBXFileReference; lastKnownFileType = sourcecode.swift; path = AboutFendViewController.swift; sourceTree = "<group>"; };
		F7D24A10207D383100A8A0AA /* PushNotificationsViewController.swift */ = {isa = PBXFileReference; lastKnownFileType = sourcecode.swift; path = PushNotificationsViewController.swift; sourceTree = "<group>"; };
		F7D24A12207D41AD00A8A0AA /* Nunito-Regular.ttf */ = {isa = PBXFileReference; lastKnownFileType = file; path = "Nunito-Regular.ttf"; sourceTree = "<group>"; };
		FEFB5C1120225532005F9418 /* ReportViewController.swift */ = {isa = PBXFileReference; lastKnownFileType = sourcecode.swift; path = ReportViewController.swift; sourceTree = "<group>"; };
/* End PBXFileReference section */

/* Begin PBXFrameworksBuildPhase section */
		B38EE7A61FBEC84100834849 /* Frameworks */ = {
			isa = PBXFrameworksBuildPhase;
			buildActionMask = 2147483647;
			files = (
				0CD18B56203B709500C6080D /* CoreBluetooth.framework in Frameworks */,
				AC30C389B084A69C3828D96A /* Pods_Fend_App.framework in Frameworks */,
			);
			runOnlyForDeploymentPostprocessing = 0;
		};
/* End PBXFrameworksBuildPhase section */

/* Begin PBXGroup section */
		1014A748E2D3FF208DA23DBC /* Frameworks */ = {
			isa = PBXGroup;
			children = (
				0CD18B55203B709500C6080D /* CoreBluetooth.framework */,
				CE44E3DA64EF5C6B38EDBC25 /* Pods_Fend_App.framework */,
			);
			name = Frameworks;
			sourceTree = "<group>";
		};
		4A45AE15651C523EE00A3F77 /* Pods */ = {
			isa = PBXGroup;
			children = (
				4DE10D4D5C76BD657934FEB5 /* Pods-Fend App.debug.xcconfig */,
				1C881F7856B5F37376648603 /* Pods-Fend App.release.xcconfig */,
			);
			name = Pods;
			sourceTree = "<group>";
		};
		B38EE7A01FBEC84100834849 = {
			isa = PBXGroup;
			children = (
				B38EE7AB1FBEC84100834849 /* Fend App */,
				B38EE7AA1FBEC84100834849 /* Products */,
				4A45AE15651C523EE00A3F77 /* Pods */,
				1014A748E2D3FF208DA23DBC /* Frameworks */,
			);
			sourceTree = "<group>";
		};
		B38EE7AA1FBEC84100834849 /* Products */ = {
			isa = PBXGroup;
			children = (
				B38EE7A91FBEC84100834849 /* Fend App.app */,
			);
			name = Products;
			sourceTree = "<group>";
		};
		B38EE7AB1FBEC84100834849 /* Fend App */ = {
			isa = PBXGroup;
			children = (
				F7D24A12207D41AD00A8A0AA /* Nunito-Regular.ttf */,
				F785DCFC206980F200F12CF0 /* Fend App.entitlements */,
				B3A62C1E2044AEF200ABE9F7 /* GoogleService-Info.plist */,
				B38EE7AC1FBEC84100834849 /* AppDelegate.swift */,
				B38EE7B41FBEC84100834849 /* Main.storyboard */,
				B38EE7B71FBEC84100834849 /* Assets.xcassets */,
				B38EE7B91FBEC84100834849 /* LaunchScreen.storyboard */,
				B38EE7BC1FBEC84100834849 /* Info.plist */,
				B39F2C5820155D3E00785BBB /* ViewController.swift */,
				F727FF91202042CA0037D60F /* MapViewController.swift */,
				B370442920224D8500A5FB2F /* ProfileViewController.swift */,
				FEFB5C1120225532005F9418 /* ReportViewController.swift */,
				0CD18B53203B6BDB00C6080D /* BTViewController.swift */,
				B3AA7AC920473B1400D40E45 /* MyReportsViewController.swift */,
				B3B83A682062E40B008B42F8 /* TabBarViewController.swift */,
				F7D24A0E207C2AA800A8A0AA /* AboutFendViewController.swift */,
				F7D24A10207D383100A8A0AA /* PushNotificationsViewController.swift */,
				F794A664207E92CB00BC71CE /* PurchaseFendViewController.swift */,
			);
			path = "Fend App";
			sourceTree = "<group>";
		};
/* End PBXGroup section */

/* Begin PBXNativeTarget section */
		B38EE7A81FBEC84100834849 /* Fend App */ = {
			isa = PBXNativeTarget;
			buildConfigurationList = B38EE7BF1FBEC84100834849 /* Build configuration list for PBXNativeTarget "Fend App" */;
			buildPhases = (
				71555554241BB874ED131059 /* [CP] Check Pods Manifest.lock */,
				B38EE7A51FBEC84100834849 /* Sources */,
				B38EE7A61FBEC84100834849 /* Frameworks */,
				B38EE7A71FBEC84100834849 /* Resources */,
				07577FD738A9295E281F2F78 /* [CP] Embed Pods Frameworks */,
				E67E4982735D2C47C231D186 /* [CP] Copy Pods Resources */,
			);
			buildRules = (
			);
			dependencies = (
			);
			name = "Fend App";
			productName = "Fend App";
			productReference = B38EE7A91FBEC84100834849 /* Fend App.app */;
			productType = "com.apple.product-type.application";
		};
/* End PBXNativeTarget section */

/* Begin PBXProject section */
		B38EE7A11FBEC84100834849 /* Project object */ = {
			isa = PBXProject;
			attributes = {
				LastSwiftUpdateCheck = 0910;
				LastUpgradeCheck = 0910;
				ORGANIZATIONNAME = Fend;
				TargetAttributes = {
					B38EE7A81FBEC84100834849 = {
						CreatedOnToolsVersion = 9.1;
						ProvisioningStyle = Automatic;
						SystemCapabilities = {
							com.apple.Push = {
								enabled = 1;
							};
						};
					};
				};
			};
			buildConfigurationList = B38EE7A41FBEC84100834849 /* Build configuration list for PBXProject "Fend App" */;
			compatibilityVersion = "Xcode 8.0";
			developmentRegion = en;
			hasScannedForEncodings = 0;
			knownRegions = (
				en,
				Base,
			);
			mainGroup = B38EE7A01FBEC84100834849;
			productRefGroup = B38EE7AA1FBEC84100834849 /* Products */;
			projectDirPath = "";
			projectRoot = "";
			targets = (
				B38EE7A81FBEC84100834849 /* Fend App */,
			);
		};
/* End PBXProject section */

/* Begin PBXResourcesBuildPhase section */
		B38EE7A71FBEC84100834849 /* Resources */ = {
			isa = PBXResourcesBuildPhase;
			buildActionMask = 2147483647;
			files = (
				F7D24A14207D425900A8A0AA /* Nunito-Regular.ttf in Resources */,
				B38EE7BB1FBEC84100834849 /* LaunchScreen.storyboard in Resources */,
				B3A62C1F2044AEF200ABE9F7 /* GoogleService-Info.plist in Resources */,
				B38EE7B81FBEC84100834849 /* Assets.xcassets in Resources */,
				B38EE7B61FBEC84100834849 /* Main.storyboard in Resources */,
			);
			runOnlyForDeploymentPostprocessing = 0;
		};
/* End PBXResourcesBuildPhase section */

/* Begin PBXShellScriptBuildPhase section */
		07577FD738A9295E281F2F78 /* [CP] Embed Pods Frameworks */ = {
			isa = PBXShellScriptBuildPhase;
			buildActionMask = 2147483647;
			files = (
			);
			inputPaths = (
				"${SRCROOT}/Pods/Target Support Files/Pods-Fend App/Pods-Fend App-frameworks.sh",
				"${BUILT_PRODUCTS_DIR}/Bolts/Bolts.framework",
				"${BUILT_PRODUCTS_DIR}/FBSDKCoreKit/FBSDKCoreKit.framework",
				"${BUILT_PRODUCTS_DIR}/FBSDKLoginKit/FBSDKLoginKit.framework",
				"${BUILT_PRODUCTS_DIR}/FBSDKShareKit/FBSDKShareKit.framework",
				"${BUILT_PRODUCTS_DIR}/FacebookCore/FacebookCore.framework",
				"${BUILT_PRODUCTS_DIR}/FacebookLogin/FacebookLogin.framework",
				"${BUILT_PRODUCTS_DIR}/FacebookShare/FacebookShare.framework",
				"${BUILT_PRODUCTS_DIR}/GTMSessionFetcher/GTMSessionFetcher.framework",
				"${BUILT_PRODUCTS_DIR}/GoogleToolboxForMac/GoogleToolboxForMac.framework",
				"${BUILT_PRODUCTS_DIR}/leveldb-library/leveldb.framework",
				"${BUILT_PRODUCTS_DIR}/nanopb/nanopb.framework",
			);
			name = "[CP] Embed Pods Frameworks";
			outputPaths = (
				"${TARGET_BUILD_DIR}/${FRAMEWORKS_FOLDER_PATH}/Bolts.framework",
				"${TARGET_BUILD_DIR}/${FRAMEWORKS_FOLDER_PATH}/FBSDKCoreKit.framework",
				"${TARGET_BUILD_DIR}/${FRAMEWORKS_FOLDER_PATH}/FBSDKLoginKit.framework",
				"${TARGET_BUILD_DIR}/${FRAMEWORKS_FOLDER_PATH}/FBSDKShareKit.framework",
				"${TARGET_BUILD_DIR}/${FRAMEWORKS_FOLDER_PATH}/FacebookCore.framework",
				"${TARGET_BUILD_DIR}/${FRAMEWORKS_FOLDER_PATH}/FacebookLogin.framework",
				"${TARGET_BUILD_DIR}/${FRAMEWORKS_FOLDER_PATH}/FacebookShare.framework",
				"${TARGET_BUILD_DIR}/${FRAMEWORKS_FOLDER_PATH}/GTMSessionFetcher.framework",
				"${TARGET_BUILD_DIR}/${FRAMEWORKS_FOLDER_PATH}/GoogleToolboxForMac.framework",
				"${TARGET_BUILD_DIR}/${FRAMEWORKS_FOLDER_PATH}/leveldb.framework",
				"${TARGET_BUILD_DIR}/${FRAMEWORKS_FOLDER_PATH}/nanopb.framework",
			);
			runOnlyForDeploymentPostprocessing = 0;
			shellPath = /bin/sh;
			shellScript = "\"${SRCROOT}/Pods/Target Support Files/Pods-Fend App/Pods-Fend App-frameworks.sh\"\n";
			showEnvVarsInLog = 0;
		};
		71555554241BB874ED131059 /* [CP] Check Pods Manifest.lock */ = {
			isa = PBXShellScriptBuildPhase;
			buildActionMask = 2147483647;
			files = (
			);
			inputPaths = (
				"${PODS_PODFILE_DIR_PATH}/Podfile.lock",
				"${PODS_ROOT}/Manifest.lock",
			);
			name = "[CP] Check Pods Manifest.lock";
			outputPaths = (
				"$(DERIVED_FILE_DIR)/Pods-Fend App-checkManifestLockResult.txt",
			);
			runOnlyForDeploymentPostprocessing = 0;
			shellPath = /bin/sh;
			shellScript = "diff \"${PODS_PODFILE_DIR_PATH}/Podfile.lock\" \"${PODS_ROOT}/Manifest.lock\" > /dev/null\nif [ $? != 0 ] ; then\n    # print error to STDERR\n    echo \"error: The sandbox is not in sync with the Podfile.lock. Run 'pod install' or update your CocoaPods installation.\" >&2\n    exit 1\nfi\n# This output is used by Xcode 'outputs' to avoid re-running this script phase.\necho \"SUCCESS\" > \"${SCRIPT_OUTPUT_FILE_0}\"\n";
			showEnvVarsInLog = 0;
		};
		E67E4982735D2C47C231D186 /* [CP] Copy Pods Resources */ = {
			isa = PBXShellScriptBuildPhase;
			buildActionMask = 2147483647;
			files = (
			);
			inputPaths = (
				"${SRCROOT}/Pods/Target Support Files/Pods-Fend App/Pods-Fend App-resources.sh",
				"${PODS_ROOT}/GoogleMaps/Maps/Frameworks/GoogleMaps.framework/Resources/GoogleMaps.bundle",
				"${PODS_ROOT}/GooglePlaces/Frameworks/GooglePlaces.framework/Resources/GooglePlaces.bundle",
			);
			name = "[CP] Copy Pods Resources";
			outputPaths = (
				"${TARGET_BUILD_DIR}/${UNLOCALIZED_RESOURCES_FOLDER_PATH}/GoogleMaps.bundle",
				"${TARGET_BUILD_DIR}/${UNLOCALIZED_RESOURCES_FOLDER_PATH}/GooglePlaces.bundle",
			);
			runOnlyForDeploymentPostprocessing = 0;
			shellPath = /bin/sh;
			shellScript = "\"${SRCROOT}/Pods/Target Support Files/Pods-Fend App/Pods-Fend App-resources.sh\"\n";
			showEnvVarsInLog = 0;
		};
/* End PBXShellScriptBuildPhase section */

/* Begin PBXSourcesBuildPhase section */
		B38EE7A51FBEC84100834849 /* Sources */ = {
			isa = PBXSourcesBuildPhase;
			buildActionMask = 2147483647;
			files = (
				B3B83A692062E40B008B42F8 /* TabBarViewController.swift in Sources */,
				FEFB5C1220225532005F9418 /* ReportViewController.swift in Sources */,
				B39F2C5920155D3E00785BBB /* ViewController.swift in Sources */,
				B3AA7ACA20473B1400D40E45 /* MyReportsViewController.swift in Sources */,
				0CD18B54203B6BDB00C6080D /* BTViewController.swift in Sources */,
				F727FF92202042CA0037D60F /* MapViewController.swift in Sources */,
				B370442A20224D8500A5FB2F /* ProfileViewController.swift in Sources */,
				F794A665207E92CB00BC71CE /* PurchaseFendViewController.swift in Sources */,
				F7D24A11207D383100A8A0AA /* PushNotificationsViewController.swift in Sources */,
				B38EE7AD1FBEC84100834849 /* AppDelegate.swift in Sources */,
				F7D24A0F207C2AA800A8A0AA /* AboutFendViewController.swift in Sources */,
			);
			runOnlyForDeploymentPostprocessing = 0;
		};
/* End PBXSourcesBuildPhase section */

/* Begin PBXVariantGroup section */
		B38EE7B41FBEC84100834849 /* Main.storyboard */ = {
			isa = PBXVariantGroup;
			children = (
				B38EE7B51FBEC84100834849 /* Base */,
			);
			name = Main.storyboard;
			sourceTree = "<group>";
		};
		B38EE7B91FBEC84100834849 /* LaunchScreen.storyboard */ = {
			isa = PBXVariantGroup;
			children = (
				B38EE7BA1FBEC84100834849 /* Base */,
			);
			name = LaunchScreen.storyboard;
			sourceTree = "<group>";
		};
/* End PBXVariantGroup section */

/* Begin XCBuildConfiguration section */
		B38EE7BD1FBEC84100834849 /* Debug */ = {
			isa = XCBuildConfiguration;
			buildSettings = {
				ALWAYS_SEARCH_USER_PATHS = NO;
				CLANG_ANALYZER_NONNULL = YES;
				CLANG_ANALYZER_NUMBER_OBJECT_CONVERSION = YES_AGGRESSIVE;
				CLANG_CXX_LANGUAGE_STANDARD = "gnu++14";
				CLANG_CXX_LIBRARY = "libc++";
				CLANG_ENABLE_MODULES = YES;
				CLANG_ENABLE_OBJC_ARC = YES;
				CLANG_WARN_BLOCK_CAPTURE_AUTORELEASING = YES;
				CLANG_WARN_BOOL_CONVERSION = YES;
				CLANG_WARN_COMMA = YES;
				CLANG_WARN_CONSTANT_CONVERSION = YES;
				CLANG_WARN_DIRECT_OBJC_ISA_USAGE = YES_ERROR;
				CLANG_WARN_DOCUMENTATION_COMMENTS = YES;
				CLANG_WARN_EMPTY_BODY = YES;
				CLANG_WARN_ENUM_CONVERSION = YES;
				CLANG_WARN_INFINITE_RECURSION = YES;
				CLANG_WARN_INT_CONVERSION = YES;
				CLANG_WARN_NON_LITERAL_NULL_CONVERSION = YES;
				CLANG_WARN_OBJC_LITERAL_CONVERSION = YES;
				CLANG_WARN_OBJC_ROOT_CLASS = YES_ERROR;
				CLANG_WARN_RANGE_LOOP_ANALYSIS = YES;
				CLANG_WARN_STRICT_PROTOTYPES = YES;
				CLANG_WARN_SUSPICIOUS_MOVE = YES;
				CLANG_WARN_UNGUARDED_AVAILABILITY = YES_AGGRESSIVE;
				CLANG_WARN_UNREACHABLE_CODE = YES;
				CLANG_WARN__DUPLICATE_METHOD_MATCH = YES;
				CODE_SIGN_IDENTITY = "iPhone Developer: Vidita Dixit (Q3R87K9K26)";
				COPY_PHASE_STRIP = NO;
				DEBUG_INFORMATION_FORMAT = dwarf;
				ENABLE_STRICT_OBJC_MSGSEND = YES;
				ENABLE_TESTABILITY = YES;
				GCC_C_LANGUAGE_STANDARD = gnu11;
				GCC_DYNAMIC_NO_PIC = NO;
				GCC_NO_COMMON_BLOCKS = YES;
				GCC_OPTIMIZATION_LEVEL = 0;
				GCC_PREPROCESSOR_DEFINITIONS = (
					"DEBUG=1",
					"$(inherited)",
				);
				GCC_WARN_64_TO_32_BIT_CONVERSION = YES;
				GCC_WARN_ABOUT_RETURN_TYPE = YES_ERROR;
				GCC_WARN_UNDECLARED_SELECTOR = YES;
				GCC_WARN_UNINITIALIZED_AUTOS = YES_AGGRESSIVE;
				GCC_WARN_UNUSED_FUNCTION = YES;
				GCC_WARN_UNUSED_VARIABLE = YES;
				IPHONEOS_DEPLOYMENT_TARGET = 11.1;
				MTL_ENABLE_DEBUG_INFO = YES;
				ONLY_ACTIVE_ARCH = YES;
				SDKROOT = iphoneos;
				SWIFT_ACTIVE_COMPILATION_CONDITIONS = DEBUG;
				SWIFT_OPTIMIZATION_LEVEL = "-Onone";
			};
			name = Debug;
		};
		B38EE7BE1FBEC84100834849 /* Release */ = {
			isa = XCBuildConfiguration;
			buildSettings = {
				ALWAYS_SEARCH_USER_PATHS = NO;
				CLANG_ANALYZER_NONNULL = YES;
				CLANG_ANALYZER_NUMBER_OBJECT_CONVERSION = YES_AGGRESSIVE;
				CLANG_CXX_LANGUAGE_STANDARD = "gnu++14";
				CLANG_CXX_LIBRARY = "libc++";
				CLANG_ENABLE_MODULES = YES;
				CLANG_ENABLE_OBJC_ARC = YES;
				CLANG_WARN_BLOCK_CAPTURE_AUTORELEASING = YES;
				CLANG_WARN_BOOL_CONVERSION = YES;
				CLANG_WARN_COMMA = YES;
				CLANG_WARN_CONSTANT_CONVERSION = YES;
				CLANG_WARN_DIRECT_OBJC_ISA_USAGE = YES_ERROR;
				CLANG_WARN_DOCUMENTATION_COMMENTS = YES;
				CLANG_WARN_EMPTY_BODY = YES;
				CLANG_WARN_ENUM_CONVERSION = YES;
				CLANG_WARN_INFINITE_RECURSION = YES;
				CLANG_WARN_INT_CONVERSION = YES;
				CLANG_WARN_NON_LITERAL_NULL_CONVERSION = YES;
				CLANG_WARN_OBJC_LITERAL_CONVERSION = YES;
				CLANG_WARN_OBJC_ROOT_CLASS = YES_ERROR;
				CLANG_WARN_RANGE_LOOP_ANALYSIS = YES;
				CLANG_WARN_STRICT_PROTOTYPES = YES;
				CLANG_WARN_SUSPICIOUS_MOVE = YES;
				CLANG_WARN_UNGUARDED_AVAILABILITY = YES_AGGRESSIVE;
				CLANG_WARN_UNREACHABLE_CODE = YES;
				CLANG_WARN__DUPLICATE_METHOD_MATCH = YES;
				CODE_SIGN_IDENTITY = "iPhone Developer: Vidita Dixit (Q3R87K9K26)";
				COPY_PHASE_STRIP = NO;
				DEBUG_INFORMATION_FORMAT = "dwarf-with-dsym";
				ENABLE_NS_ASSERTIONS = NO;
				ENABLE_STRICT_OBJC_MSGSEND = YES;
				GCC_C_LANGUAGE_STANDARD = gnu11;
				GCC_NO_COMMON_BLOCKS = YES;
				GCC_WARN_64_TO_32_BIT_CONVERSION = YES;
				GCC_WARN_ABOUT_RETURN_TYPE = YES_ERROR;
				GCC_WARN_UNDECLARED_SELECTOR = YES;
				GCC_WARN_UNINITIALIZED_AUTOS = YES_AGGRESSIVE;
				GCC_WARN_UNUSED_FUNCTION = YES;
				GCC_WARN_UNUSED_VARIABLE = YES;
				IPHONEOS_DEPLOYMENT_TARGET = 11.1;
				MTL_ENABLE_DEBUG_INFO = NO;
				SDKROOT = iphoneos;
				SWIFT_OPTIMIZATION_LEVEL = "-Owholemodule";
				VALIDATE_PRODUCT = YES;
			};
			name = Release;
		};
		B38EE7C01FBEC84100834849 /* Debug */ = {
			isa = XCBuildConfiguration;
			baseConfigurationReference = 4DE10D4D5C76BD657934FEB5 /* Pods-Fend App.debug.xcconfig */;
			buildSettings = {
				ASSETCATALOG_COMPILER_APPICON_NAME = AppIcon;
				CODE_SIGN_ENTITLEMENTS = "Fend App/Fend App.entitlements";
				CODE_SIGN_IDENTITY = "iPhone Developer: Vidita Dixit (Q3R87K9K26)";
				"CODE_SIGN_IDENTITY[sdk=iphoneos*]" = "iPhone Developer";
				CODE_SIGN_STYLE = Automatic;
				DEVELOPMENT_TEAM = 3G978376LC;
				FRAMEWORK_SEARCH_PATHS = (
					"$(inherited)",
					"$(PROJECT_DIR)/Frameworks",
				);
				INFOPLIST_FILE = "Fend App/Info.plist";
				LD_RUNPATH_SEARCH_PATHS = "$(inherited) @executable_path/Frameworks";
				PRODUCT_BUNDLE_IDENTIFIER = com.example.FendApp;
				PRODUCT_NAME = "$(TARGET_NAME)";
				PROVISIONING_PROFILE = "";
				PROVISIONING_PROFILE_SPECIFIER = "";
				SWIFT_VERSION = 4.0;
				TARGETED_DEVICE_FAMILY = "1,2";
			};
			name = Debug;
		};
		B38EE7C11FBEC84100834849 /* Release */ = {
			isa = XCBuildConfiguration;
			baseConfigurationReference = 1C881F7856B5F37376648603 /* Pods-Fend App.release.xcconfig */;
			buildSettings = {
				ASSETCATALOG_COMPILER_APPICON_NAME = AppIcon;
				CODE_SIGN_ENTITLEMENTS = "Fend App/Fend App.entitlements";
				CODE_SIGN_IDENTITY = "iPhone Developer: Vidita Dixit (Q3R87K9K26)";
				"CODE_SIGN_IDENTITY[sdk=iphoneos*]" = "iPhone Developer";
				CODE_SIGN_STYLE = Automatic;
				DEVELOPMENT_TEAM = 3G978376LC;
				FRAMEWORK_SEARCH_PATHS = (
					"$(inherited)",
					"$(PROJECT_DIR)/Frameworks",
				);
				INFOPLIST_FILE = "Fend App/Info.plist";
				LD_RUNPATH_SEARCH_PATHS = "$(inherited) @executable_path/Frameworks";
				PRODUCT_BUNDLE_IDENTIFIER = com.example.FendApp;
				PRODUCT_NAME = "$(TARGET_NAME)";
				PROVISIONING_PROFILE = "";
				PROVISIONING_PROFILE_SPECIFIER = "";
				SWIFT_VERSION = 4.0;
				TARGETED_DEVICE_FAMILY = "1,2";
			};
			name = Release;
		};
/* End XCBuildConfiguration section */

/* Begin XCConfigurationList section */
		B38EE7A41FBEC84100834849 /* Build configuration list for PBXProject "Fend App" */ = {
			isa = XCConfigurationList;
			buildConfigurations = (
				B38EE7BD1FBEC84100834849 /* Debug */,
				B38EE7BE1FBEC84100834849 /* Release */,
			);
			defaultConfigurationIsVisible = 0;
			defaultConfigurationName = Release;
		};
		B38EE7BF1FBEC84100834849 /* Build configuration list for PBXNativeTarget "Fend App" */ = {
			isa = XCConfigurationList;
			buildConfigurations = (
				B38EE7C01FBEC84100834849 /* Debug */,
				B38EE7C11FBEC84100834849 /* Release */,
			);
			defaultConfigurationIsVisible = 0;
			defaultConfigurationName = Release;
		};
/* End XCConfigurationList section */
	};
	rootObject = B38EE7A11FBEC84100834849 /* Project object */;
}
